{
  "version": 4,
  "terraform_version": "0.14.9",
  "serial": 18,
  "lineage": "b2261d7e-1fa8-7d47-e54b-ba9948c0cd26",
  "outputs": {},
  "resources": [
    {
      "mode": "data",
      "type": "cloudfoundry_app",
      "name": "jmeter_app",
      "provider": "provider[\"registry.terraform.io/cloudfoundry-community/cloudfoundry\"]",
      "instances": []
    },
    {
      "mode": "data",
      "type": "cloudfoundry_app",
      "name": "prometheus_app",
      "provider": "provider[\"registry.terraform.io/cloudfoundry-community/cloudfoundry\"]",
      "instances": [
        {
          "schema_version": 0,
          "attributes": {
            "annotations": {},
            "buildpack": "",
            "command": "echo \"${PROM_CONFIG}\" \u003e /etc/prometheus/prometheus.yml; echo \"${ALERT_RULES}\" \u003e /etc/prometheus/alert.rules; echo \"${POSTGRES_ALERT_RULES}\" \u003e /etc/prometheus/postgres.alert.rules; echo \"${APP_ALERT_RULES}\" \u003e /etc/prometheus/app.alert.rules;  /bin/prometheus --storage.tsdb.path=/prometheus --config.file=/etc/prometheus/prometheus.yml --web.console.libraries=/usr/share/prometheus/console_libraries --web.console.templates=/usr/share/prometheus/consoles --storage.tsdb.retention.time 12h --storage.tsdb.retention.size 1GB",
            "disk_quota": 5120,
            "enable_ssh": true,
            "environment": {
              "redacted_message": "[PRIVATE DATA HIDDEN]"
            },
            "health_check_http_endpoint": "",
            "health_check_timeout": 0,
            "health_check_type": "port",
            "id": "206a52c2-fb36-4f11-8b15-50d5dedb5fc0",
            "instances": 1,
            "labels": {},
            "memory": 4096,
            "name": "prometheus-bat",
            "name_or_id": "prometheus-bat",
            "space": "37cdd5d2-9fb9-4546-be71-51cce2ee3920",
            "stack": "a7ed64d9-1192-47e6-a7fe-86849c8e30de",
            "state": "STARTED"
          },
          "sensitive_attributes": []
        }
      ]
    },
    {
      "mode": "data",
      "type": "cloudfoundry_domain",
      "name": "internal",
      "provider": "provider[\"registry.terraform.io/cloudfoundry-community/cloudfoundry\"]",
      "instances": [
        {
          "schema_version": 0,
          "attributes": {
            "domain": "internal",
            "id": "b59c7e7a-e290-4f71-91a0-bd45ccf7613d",
            "internal": true,
            "name": "apps.internal",
            "org": "",
            "sub_domain": "apps"
          },
          "sensitive_attributes": []
        }
      ]
    },
    {
      "mode": "data",
      "type": "cloudfoundry_domain",
      "name": "london_cloudapps_digital",
      "provider": "provider[\"registry.terraform.io/cloudfoundry-community/cloudfoundry\"]",
      "instances": [
        {
          "schema_version": 0,
          "attributes": {
            "domain": "cloudapps.digital",
            "id": "86484fb4-8d55-4f24-a3af-eda030b95ad8",
            "internal": false,
            "name": "london.cloudapps.digital",
            "org": "",
            "sub_domain": "london"
          },
          "sensitive_attributes": []
        }
      ]
    },
    {
      "mode": "data",
      "type": "cloudfoundry_org",
      "name": "org",
      "provider": "provider[\"registry.terraform.io/cloudfoundry-community/cloudfoundry\"]",
      "instances": [
        {
          "schema_version": 0,
          "attributes": {
            "annotations": {},
            "id": "386a9502-d9b6-4aba-b3c3-ebe4fa3f963e",
            "labels": {},
            "name": "dfe"
          },
          "sensitive_attributes": []
        }
      ]
    },
    {
      "mode": "data",
      "type": "cloudfoundry_space",
      "name": "space",
      "provider": "provider[\"registry.terraform.io/cloudfoundry-community/cloudfoundry\"]",
      "instances": [
        {
          "schema_version": 0,
          "attributes": {
            "annotations": {},
            "id": "37cdd5d2-9fb9-4546-be71-51cce2ee3920",
            "labels": {},
            "name": "bat-prod",
            "org": "386a9502-d9b6-4aba-b3c3-ebe4fa3f963e",
            "org_name": "dfe",
            "quota": ""
          },
          "sensitive_attributes": []
        }
      ]
    },
    {
      "mode": "managed",
      "type": "cloudfoundry_app",
      "name": "jmeter_app",
      "provider": "provider[\"registry.terraform.io/cloudfoundry-community/cloudfoundry\"]",
      "instances": [
        {
          "schema_version": 3,
          "attributes": {
            "annotations": null,
            "buildpack": "",
            "command": "",
            "disk_quota": 1024,
            "docker_credentials": null,
            "docker_image": "ghcr.io/dfe-digital/find-jmeter-runner:latest",
            "enable_ssh": true,
            "environment": {
              "redacted_message": "[PRIVATE DATA HIDDEN]"
            },
            "health_check_http_endpoint": "",
            "health_check_timeout": 180,
            "health_check_type": "process",
            "id": "69b21e24-b939-45e9-95d2-e56b73d416de",
            "id_bg": "69b21e24-b939-45e9-95d2-e56b73d416de",
            "instances": 1,
            "labels": null,
            "memory": 4096,
            "name": "find-jmeter",
            "path": null,
            "ports": [
              8080
            ],
            "routes": [
              {
                "port": 8080,
                "route": "031e55dc-3569-4ce7-bb6f-a27ec879e9dc"
              },
              {
                "port": 8080,
                "route": "f279c4c7-6a16-4677-88fb-7a80ebbf7cfb"
              }
            ],
            "service_binding": [],
            "source_code_hash": null,
            "space": "37cdd5d2-9fb9-4546-be71-51cce2ee3920",
            "stack": "a7ed64d9-1192-47e6-a7fe-86849c8e30de",
            "stopped": true,
            "strategy": "none",
            "timeout": 60
          },
          "sensitive_attributes": [],
          "private": "eyJzY2hlbWFfdmVyc2lvbiI6IjMifQ==",
          "dependencies": [
            "cloudfoundry_route.jmeter_app_internal_route",
            "cloudfoundry_route.jmeter_cloudapps_route",
            "data.cloudfoundry_space.space"
          ]
        }
      ]
    },
    {
      "mode": "managed",
      "type": "cloudfoundry_network_policy",
      "name": "prometheus_policy",
      "provider": "provider[\"registry.terraform.io/cloudfoundry-community/cloudfoundry\"]",
      "instances": [
        {
          "schema_version": 0,
          "attributes": {
            "id": "6f951be0-203f-a00e-c685-5f7243ae6ca6",
            "policy": []
          },
          "sensitive_attributes": [],
          "private": "bnVsbA==",
          "dependencies": [
            "cloudfoundry_app.jmeter_app",
            "cloudfoundry_route.jmeter_app_internal_route",
            "cloudfoundry_route.jmeter_cloudapps_route",
            "data.cloudfoundry_app.jmeter_app",
            "data.cloudfoundry_app.prometheus_app",
            "data.cloudfoundry_domain.internal",
            "data.cloudfoundry_domain.london_cloudapps_digital",
            "data.cloudfoundry_org.org",
            "data.cloudfoundry_space.space"
          ]
        }
      ]
    },
    {
      "mode": "managed",
      "type": "cloudfoundry_route",
      "name": "jmeter_app_internal_route",
      "provider": "provider[\"registry.terraform.io/cloudfoundry-community/cloudfoundry\"]",
      "instances": [
        {
          "schema_version": 0,
          "attributes": {
            "domain": "b59c7e7a-e290-4f71-91a0-bd45ccf7613d",
            "endpoint": "find-jmeter.apps.internal",
            "hostname": "find-jmeter",
            "id": "f279c4c7-6a16-4677-88fb-7a80ebbf7cfb",
            "path": "",
            "port": null,
            "random_port": null,
            "space": "37cdd5d2-9fb9-4546-be71-51cce2ee3920",
            "target": []
          },
          "sensitive_attributes": [],
          "private": "bnVsbA==",
          "dependencies": [
            "data.cloudfoundry_domain.internal",
            "data.cloudfoundry_org.org",
            "data.cloudfoundry_space.space"
          ]
        }
      ]
    },
    {
      "mode": "managed",
      "type": "cloudfoundry_route",
      "name": "jmeter_cloudapps_route",
      "provider": "provider[\"registry.terraform.io/cloudfoundry-community/cloudfoundry\"]",
      "instances": [
        {
          "schema_version": 0,
          "attributes": {
            "domain": "86484fb4-8d55-4f24-a3af-eda030b95ad8",
            "endpoint": "find-jmeter.london.cloudapps.digital",
            "hostname": "find-jmeter",
            "id": "031e55dc-3569-4ce7-bb6f-a27ec879e9dc",
            "path": "",
            "port": null,
            "random_port": null,
            "space": "37cdd5d2-9fb9-4546-be71-51cce2ee3920",
            "target": []
          },
          "sensitive_attributes": [],
          "private": "bnVsbA==",
          "dependencies": [
            "data.cloudfoundry_domain.london_cloudapps_digital",
            "data.cloudfoundry_org.org",
            "data.cloudfoundry_space.space"
          ]
        }
      ]
    }
  ]
}
